
Microsoft Visual Studio Solution File, Format Version 12.00
# Visual Studio Version 17
VisualStudioVersion = 17.8.34316.72
MinimumVisualStudioVersion = 10.0.40219.1
Project("{FAE04EC0-301F-11D3-BF4B-00C04F79EFBC}") = "Task1", "Task1\Task1.csproj", "{394F4E9B-FFF8-4D44-8B1A-0899589FD0DB}"
EndProject
Project("{FAE04EC0-301F-11D3-BF4B-00C04F79EFBC}") = "Task3", "Task3\Task3.csproj", "{2D6A074D-A7F6-485F-99D5-E354FE83C016}"
EndProject
Global
	GlobalSection(SolutionConfigurationPlatforms) = preSolution
		Debug|Any CPU = Debug|Any CPU
		Release|Any CPU = Release|Any CPU
	EndGlobalSection
	GlobalSection(ProjectConfigurationPlatforms) = postSolution
		{394F4E9B-FFF8-4D44-8B1A-0899589FD0DB}.Debug|Any CPU.ActiveCfg = Debug|Any CPU
		{394F4E9B-FFF8-4D44-8B1A-0899589FD0DB}.Debug|Any CPU.Build.0 = Debug|Any CPU
		{394F4E9B-FFF8-4D44-8B1A-0899589FD0DB}.Release|Any CPU.ActiveCfg = Release|Any CPU
		{394F4E9B-FFF8-4D44-8B1A-0899589FD0DB}.Release|Any CPU.Build.0 = Release|Any CPU
		{2D6A074D-A7F6-485F-99D5-E354FE83C016}.Debug|Any CPU.ActiveCfg = Debug|Any CPU
		{2D6A074D-A7F6-485F-99D5-E354FE83C016}.Debug|Any CPU.Build.0 = Debug|Any CPU
		{2D6A074D-A7F6-485F-99D5-E354FE83C016}.Release|Any CPU.ActiveCfg = Release|Any CPU
		{2D6A074D-A7F6-485F-99D5-E354FE83C016}.Release|Any CPU.Build.0 = Release|Any CPU
	EndGlobalSection
	GlobalSection(SolutionProperties) = preSolution
		HideSolutionNode = FALSE
	EndGlobalSection
	GlobalSection(ExtensibilityGlobals) = postSolution
		SolutionGuid = {0770E8CC-33F8-435A-BE8E-D941D17346F4}
	EndGlobalSection
EndGlobal
