
Microsoft Visual Studio Solution File, Format Version 12.00
# Visual Studio Version 17
VisualStudioVersion = 17.8.34316.72
MinimumVisualStudioVersion = 10.0.40219.1
Project("{FAE04EC0-301F-11D3-BF4B-00C04F79EFBC}") = "Task1", "Task1\Task1.csproj", "{683D8E65-A0FD-44EF-B5F4-670C68199E80}"
EndProject
Project("{FAE04EC0-301F-11D3-BF4B-00C04F79EFBC}") = "Task2", "Task2\Task2.csproj", "{5931758D-FDAE-417F-8DFC-BD1065FE7A92}"
EndProject
Project("{FAE04EC0-301F-11D3-BF4B-00C04F79EFBC}") = "Task3", "Task3\Task3.csproj", "{708C817C-6B58-4B79-995D-4F0A998E0789}"
EndProject
Global
	GlobalSection(SolutionConfigurationPlatforms) = preSolution
		Debug|Any CPU = Debug|Any CPU
		Release|Any CPU = Release|Any CPU
	EndGlobalSection
	GlobalSection(ProjectConfigurationPlatforms) = postSolution
		{683D8E65-A0FD-44EF-B5F4-670C68199E80}.Debug|Any CPU.ActiveCfg = Debug|Any CPU
		{683D8E65-A0FD-44EF-B5F4-670C68199E80}.Debug|Any CPU.Build.0 = Debug|Any CPU
		{683D8E65-A0FD-44EF-B5F4-670C68199E80}.Release|Any CPU.ActiveCfg = Release|Any CPU
		{683D8E65-A0FD-44EF-B5F4-670C68199E80}.Release|Any CPU.Build.0 = Release|Any CPU
		{5931758D-FDAE-417F-8DFC-BD1065FE7A92}.Debug|Any CPU.ActiveCfg = Debug|Any CPU
		{5931758D-FDAE-417F-8DFC-BD1065FE7A92}.Debug|Any CPU.Build.0 = Debug|Any CPU
		{5931758D-FDAE-417F-8DFC-BD1065FE7A92}.Release|Any CPU.ActiveCfg = Release|Any CPU
		{5931758D-FDAE-417F-8DFC-BD1065FE7A92}.Release|Any CPU.Build.0 = Release|Any CPU
		{708C817C-6B58-4B79-995D-4F0A998E0789}.Debug|Any CPU.ActiveCfg = Debug|Any CPU
		{708C817C-6B58-4B79-995D-4F0A998E0789}.Debug|Any CPU.Build.0 = Debug|Any CPU
		{708C817C-6B58-4B79-995D-4F0A998E0789}.Release|Any CPU.ActiveCfg = Release|Any CPU
		{708C817C-6B58-4B79-995D-4F0A998E0789}.Release|Any CPU.Build.0 = Release|Any CPU
	EndGlobalSection
	GlobalSection(SolutionProperties) = preSolution
		HideSolutionNode = FALSE
	EndGlobalSection
	GlobalSection(ExtensibilityGlobals) = postSolution
		SolutionGuid = {7C900EFF-4BCE-4745-916D-64CCA0CB3861}
	EndGlobalSection
EndGlobal
