
Microsoft Visual Studio Solution File, Format Version 12.00
# Visual Studio Version 17
VisualStudioVersion = 17.8.34316.72
MinimumVisualStudioVersion = 10.0.40219.1
Project("{FAE04EC0-301F-11D3-BF4B-00C04F79EFBC}") = "Task1", "Task1\Task1.csproj", "{2B907C90-B130-4F1B-A037-22CFC0FF190E}"
EndProject
Global
	GlobalSection(SolutionConfigurationPlatforms) = preSolution
		Debug|Any CPU = Debug|Any CPU
		Release|Any CPU = Release|Any CPU
	EndGlobalSection
	GlobalSection(ProjectConfigurationPlatforms) = postSolution
		{2B907C90-B130-4F1B-A037-22CFC0FF190E}.Debug|Any CPU.ActiveCfg = Debug|Any CPU
		{2B907C90-B130-4F1B-A037-22CFC0FF190E}.Debug|Any CPU.Build.0 = Debug|Any CPU
		{2B907C90-B130-4F1B-A037-22CFC0FF190E}.Release|Any CPU.ActiveCfg = Release|Any CPU
		{2B907C90-B130-4F1B-A037-22CFC0FF190E}.Release|Any CPU.Build.0 = Release|Any CPU
	EndGlobalSection
	GlobalSection(SolutionProperties) = preSolution
		HideSolutionNode = FALSE
	EndGlobalSection
	GlobalSection(ExtensibilityGlobals) = postSolution
		SolutionGuid = {AE2EABFE-C91E-4947-8197-1146A267C894}
	EndGlobalSection
EndGlobal
