
Microsoft Visual Studio Solution File, Format Version 12.00
# Visual Studio Version 17
VisualStudioVersion = 17.8.34316.72
MinimumVisualStudioVersion = 10.0.40219.1
Project("{FAE04EC0-301F-11D3-BF4B-00C04F79EFBC}") = "Task1", "Task1\Task1.csproj", "{8A2E2B4A-29CF-4D82-BEF2-0B293AC1294C}"
EndProject
Global
	GlobalSection(SolutionConfigurationPlatforms) = preSolution
		Debug|Any CPU = Debug|Any CPU
		Release|Any CPU = Release|Any CPU
	EndGlobalSection
	GlobalSection(ProjectConfigurationPlatforms) = postSolution
		{8A2E2B4A-29CF-4D82-BEF2-0B293AC1294C}.Debug|Any CPU.ActiveCfg = Debug|Any CPU
		{8A2E2B4A-29CF-4D82-BEF2-0B293AC1294C}.Debug|Any CPU.Build.0 = Debug|Any CPU
		{8A2E2B4A-29CF-4D82-BEF2-0B293AC1294C}.Release|Any CPU.ActiveCfg = Release|Any CPU
		{8A2E2B4A-29CF-4D82-BEF2-0B293AC1294C}.Release|Any CPU.Build.0 = Release|Any CPU
	EndGlobalSection
	GlobalSection(SolutionProperties) = preSolution
		HideSolutionNode = FALSE
	EndGlobalSection
	GlobalSection(ExtensibilityGlobals) = postSolution
		SolutionGuid = {9192B9C2-1869-49A0-9137-5FDD99ECAE62}
	EndGlobalSection
EndGlobal
