
Microsoft Visual Studio Solution File, Format Version 12.00
# Visual Studio Version 17
VisualStudioVersion = 17.9.34728.123
MinimumVisualStudioVersion = 10.0.40219.1
Project("{FAE04EC0-301F-11D3-BF4B-00C04F79EFBC}") = "Task1", "WinFormsApp2\Task1.csproj", "{DD38703C-A066-424F-9AFC-A769DA83922E}"
EndProject
Project("{FAE04EC0-301F-11D3-BF4B-00C04F79EFBC}") = "Task3", "Task3\Task3.csproj", "{2888D70A-4007-402A-8952-C3C999A4FBFE}"
EndProject
Global
	GlobalSection(SolutionConfigurationPlatforms) = preSolution
		Debug|Any CPU = Debug|Any CPU
		Release|Any CPU = Release|Any CPU
	EndGlobalSection
	GlobalSection(ProjectConfigurationPlatforms) = postSolution
		{DD38703C-A066-424F-9AFC-A769DA83922E}.Debug|Any CPU.ActiveCfg = Debug|Any CPU
		{DD38703C-A066-424F-9AFC-A769DA83922E}.Debug|Any CPU.Build.0 = Debug|Any CPU
		{DD38703C-A066-424F-9AFC-A769DA83922E}.Release|Any CPU.ActiveCfg = Release|Any CPU
		{DD38703C-A066-424F-9AFC-A769DA83922E}.Release|Any CPU.Build.0 = Release|Any CPU
		{2888D70A-4007-402A-8952-C3C999A4FBFE}.Debug|Any CPU.ActiveCfg = Debug|Any CPU
		{2888D70A-4007-402A-8952-C3C999A4FBFE}.Debug|Any CPU.Build.0 = Debug|Any CPU
		{2888D70A-4007-402A-8952-C3C999A4FBFE}.Release|Any CPU.ActiveCfg = Release|Any CPU
		{2888D70A-4007-402A-8952-C3C999A4FBFE}.Release|Any CPU.Build.0 = Release|Any CPU
	EndGlobalSection
	GlobalSection(SolutionProperties) = preSolution
		HideSolutionNode = FALSE
	EndGlobalSection
	GlobalSection(ExtensibilityGlobals) = postSolution
		SolutionGuid = {F8DE463B-F2E2-4A78-84A2-D0F2EBD66BF4}
	EndGlobalSection
EndGlobal
