
Microsoft Visual Studio Solution File, Format Version 12.00
# Visual Studio Version 17
VisualStudioVersion = 17.9.34728.123
MinimumVisualStudioVersion = 10.0.40219.1
Project("{FAE04EC0-301F-11D3-BF4B-00C04F79EFBC}") = "Task1", "Task1\Task1.csproj", "{3305C1A6-36FF-42E0-A549-890867F7D279}"
EndProject
Project("{FAE04EC0-301F-11D3-BF4B-00C04F79EFBC}") = "Task4", "Task4\Task4.csproj", "{4958E1AA-3C74-4356-A06E-21897597DE32}"
EndProject
Global
	GlobalSection(SolutionConfigurationPlatforms) = preSolution
		Debug|Any CPU = Debug|Any CPU
		Release|Any CPU = Release|Any CPU
	EndGlobalSection
	GlobalSection(ProjectConfigurationPlatforms) = postSolution
		{3305C1A6-36FF-42E0-A549-890867F7D279}.Debug|Any CPU.ActiveCfg = Debug|Any CPU
		{3305C1A6-36FF-42E0-A549-890867F7D279}.Debug|Any CPU.Build.0 = Debug|Any CPU
		{3305C1A6-36FF-42E0-A549-890867F7D279}.Release|Any CPU.ActiveCfg = Release|Any CPU
		{3305C1A6-36FF-42E0-A549-890867F7D279}.Release|Any CPU.Build.0 = Release|Any CPU
		{4958E1AA-3C74-4356-A06E-21897597DE32}.Debug|Any CPU.ActiveCfg = Debug|Any CPU
		{4958E1AA-3C74-4356-A06E-21897597DE32}.Debug|Any CPU.Build.0 = Debug|Any CPU
		{4958E1AA-3C74-4356-A06E-21897597DE32}.Release|Any CPU.ActiveCfg = Release|Any CPU
		{4958E1AA-3C74-4356-A06E-21897597DE32}.Release|Any CPU.Build.0 = Release|Any CPU
	EndGlobalSection
	GlobalSection(SolutionProperties) = preSolution
		HideSolutionNode = FALSE
	EndGlobalSection
	GlobalSection(ExtensibilityGlobals) = postSolution
		SolutionGuid = {D6D1F5EC-A099-44A2-902A-BDEC3609362F}
	EndGlobalSection
EndGlobal
