
Microsoft Visual Studio Solution File, Format Version 12.00
# Visual Studio Version 17
VisualStudioVersion = 17.9.34902.65
MinimumVisualStudioVersion = 10.0.40219.1
Project("{9A19103F-16F7-4668-BE54-9A1E7A4F7556}") = "Clicker", "Clicker\Clicker.csproj", "{ABF4D322-2C5F-4AEB-AC13-4E17AD5CA88A}"
EndProject
Project("{FAE04EC0-301F-11D3-BF4B-00C04F79EFBC}") = "Shooter", "Shooter\Shooter.csproj", "{6E1D3893-6038-4DEF-BDA1-986B8C325F5B}"
EndProject
Global
	GlobalSection(SolutionConfigurationPlatforms) = preSolution
		Debug|Any CPU = Debug|Any CPU
		Release|Any CPU = Release|Any CPU
	EndGlobalSection
	GlobalSection(ProjectConfigurationPlatforms) = postSolution
		{ABF4D322-2C5F-4AEB-AC13-4E17AD5CA88A}.Debug|Any CPU.ActiveCfg = Debug|Any CPU
		{ABF4D322-2C5F-4AEB-AC13-4E17AD5CA88A}.Debug|Any CPU.Build.0 = Debug|Any CPU
		{ABF4D322-2C5F-4AEB-AC13-4E17AD5CA88A}.Release|Any CPU.ActiveCfg = Release|Any CPU
		{ABF4D322-2C5F-4AEB-AC13-4E17AD5CA88A}.Release|Any CPU.Build.0 = Release|Any CPU
		{6E1D3893-6038-4DEF-BDA1-986B8C325F5B}.Debug|Any CPU.ActiveCfg = Debug|Any CPU
		{6E1D3893-6038-4DEF-BDA1-986B8C325F5B}.Debug|Any CPU.Build.0 = Debug|Any CPU
		{6E1D3893-6038-4DEF-BDA1-986B8C325F5B}.Release|Any CPU.ActiveCfg = Release|Any CPU
		{6E1D3893-6038-4DEF-BDA1-986B8C325F5B}.Release|Any CPU.Build.0 = Release|Any CPU
	EndGlobalSection
	GlobalSection(SolutionProperties) = preSolution
		HideSolutionNode = FALSE
	EndGlobalSection
	GlobalSection(ExtensibilityGlobals) = postSolution
		SolutionGuid = {14BECC95-C0DC-4049-8F17-2B8A95B856A1}
	EndGlobalSection
EndGlobal
