
Microsoft Visual Studio Solution File, Format Version 12.00
# Visual Studio Version 17
VisualStudioVersion = 17.9.34616.47
MinimumVisualStudioVersion = 10.0.40219.1
Project("{FAE04EC0-301F-11D3-BF4B-00C04F79EFBC}") = "Task1", "Task111\Task1.csproj", "{77B2A525-B954-411E-ACBD-E23DCC3AAD03}"
EndProject
Project("{FAE04EC0-301F-11D3-BF4B-00C04F79EFBC}") = "Task2", "Task2\Task2.csproj", "{EAF4EFC7-E5D9-44FA-981F-56131277D181}"
EndProject
Project("{FAE04EC0-301F-11D3-BF4B-00C04F79EFBC}") = "Task3", "Task3\Task3.csproj", "{D6A7145F-3E14-4D71-87E8-1707C6AB4DFA}"
EndProject
Project("{FAE04EC0-301F-11D3-BF4B-00C04F79EFBC}") = "Task4", "Task4\Task4.csproj", "{E9ECA1E0-409B-410B-A6CA-0C7A1DE7118C}"
EndProject
Project("{FAE04EC0-301F-11D3-BF4B-00C04F79EFBC}") = "Task5", "Task5\Task5.csproj", "{629E37ED-101A-4C72-91A8-4D7F6FF7ED9B}"
EndProject
Global
	GlobalSection(SolutionConfigurationPlatforms) = preSolution
		Debug|Any CPU = Debug|Any CPU
		Release|Any CPU = Release|Any CPU
	EndGlobalSection
	GlobalSection(ProjectConfigurationPlatforms) = postSolution
		{77B2A525-B954-411E-ACBD-E23DCC3AAD03}.Debug|Any CPU.ActiveCfg = Debug|Any CPU
		{77B2A525-B954-411E-ACBD-E23DCC3AAD03}.Debug|Any CPU.Build.0 = Debug|Any CPU
		{77B2A525-B954-411E-ACBD-E23DCC3AAD03}.Release|Any CPU.ActiveCfg = Release|Any CPU
		{77B2A525-B954-411E-ACBD-E23DCC3AAD03}.Release|Any CPU.Build.0 = Release|Any CPU
		{EAF4EFC7-E5D9-44FA-981F-56131277D181}.Debug|Any CPU.ActiveCfg = Debug|Any CPU
		{EAF4EFC7-E5D9-44FA-981F-56131277D181}.Debug|Any CPU.Build.0 = Debug|Any CPU
		{EAF4EFC7-E5D9-44FA-981F-56131277D181}.Release|Any CPU.ActiveCfg = Release|Any CPU
		{EAF4EFC7-E5D9-44FA-981F-56131277D181}.Release|Any CPU.Build.0 = Release|Any CPU
		{D6A7145F-3E14-4D71-87E8-1707C6AB4DFA}.Debug|Any CPU.ActiveCfg = Debug|Any CPU
		{D6A7145F-3E14-4D71-87E8-1707C6AB4DFA}.Debug|Any CPU.Build.0 = Debug|Any CPU
		{D6A7145F-3E14-4D71-87E8-1707C6AB4DFA}.Release|Any CPU.ActiveCfg = Release|Any CPU
		{D6A7145F-3E14-4D71-87E8-1707C6AB4DFA}.Release|Any CPU.Build.0 = Release|Any CPU
		{E9ECA1E0-409B-410B-A6CA-0C7A1DE7118C}.Debug|Any CPU.ActiveCfg = Debug|Any CPU
		{E9ECA1E0-409B-410B-A6CA-0C7A1DE7118C}.Debug|Any CPU.Build.0 = Debug|Any CPU
		{E9ECA1E0-409B-410B-A6CA-0C7A1DE7118C}.Release|Any CPU.ActiveCfg = Release|Any CPU
		{E9ECA1E0-409B-410B-A6CA-0C7A1DE7118C}.Release|Any CPU.Build.0 = Release|Any CPU
		{629E37ED-101A-4C72-91A8-4D7F6FF7ED9B}.Debug|Any CPU.ActiveCfg = Debug|Any CPU
		{629E37ED-101A-4C72-91A8-4D7F6FF7ED9B}.Debug|Any CPU.Build.0 = Debug|Any CPU
		{629E37ED-101A-4C72-91A8-4D7F6FF7ED9B}.Release|Any CPU.ActiveCfg = Release|Any CPU
		{629E37ED-101A-4C72-91A8-4D7F6FF7ED9B}.Release|Any CPU.Build.0 = Release|Any CPU
	EndGlobalSection
	GlobalSection(SolutionProperties) = preSolution
		HideSolutionNode = FALSE
	EndGlobalSection
	GlobalSection(ExtensibilityGlobals) = postSolution
		SolutionGuid = {52E7F3F3-FD7F-4A11-BE62-95695F881751}
	EndGlobalSection
EndGlobal
