
Microsoft Visual Studio Solution File, Format Version 12.00
# Visual Studio Version 17
VisualStudioVersion = 17.9.34728.123
MinimumVisualStudioVersion = 10.0.40219.1
Project("{FAE04EC0-301F-11D3-BF4B-00C04F79EFBC}") = "Task1.1", "Task1.1\Task1.1.csproj", "{F9C4707D-EB27-46E1-B4E4-BAA7666CC532}"
EndProject
Global
	GlobalSection(SolutionConfigurationPlatforms) = preSolution
		Debug|Any CPU = Debug|Any CPU
		Release|Any CPU = Release|Any CPU
	EndGlobalSection
	GlobalSection(ProjectConfigurationPlatforms) = postSolution
		{F9C4707D-EB27-46E1-B4E4-BAA7666CC532}.Debug|Any CPU.ActiveCfg = Debug|Any CPU
		{F9C4707D-EB27-46E1-B4E4-BAA7666CC532}.Debug|Any CPU.Build.0 = Debug|Any CPU
		{F9C4707D-EB27-46E1-B4E4-BAA7666CC532}.Release|Any CPU.ActiveCfg = Release|Any CPU
		{F9C4707D-EB27-46E1-B4E4-BAA7666CC532}.Release|Any CPU.Build.0 = Release|Any CPU
	EndGlobalSection
	GlobalSection(SolutionProperties) = preSolution
		HideSolutionNode = FALSE
	EndGlobalSection
	GlobalSection(ExtensibilityGlobals) = postSolution
		SolutionGuid = {80FCAFC0-D449-45B0-8D5A-5DC6634BA348}
	EndGlobalSection
EndGlobal
