
Microsoft Visual Studio Solution File, Format Version 12.00
# Visual Studio Version 17
VisualStudioVersion = 17.8.34316.72
MinimumVisualStudioVersion = 10.0.40219.1
Project("{9A19103F-16F7-4668-BE54-9A1E7A4F7556}") = "Task1", "Task1\Task1.csproj", "{AE496A58-A496-43D3-B1EB-1788F4051952}"
EndProject
Project("{9A19103F-16F7-4668-BE54-9A1E7A4F7556}") = "Task2", "Task2\Task2.csproj", "{FA3E83E5-B06C-4625-AB70-3740DD807E73}"
EndProject
Project("{9A19103F-16F7-4668-BE54-9A1E7A4F7556}") = "Task3", "Task3\Task3.csproj", "{118FC156-0F23-41EA-9B37-CC94D92B4154}"
EndProject
Project("{9A19103F-16F7-4668-BE54-9A1E7A4F7556}") = "Task4", "Task4\Task4.csproj", "{309A1865-9D64-4552-ABBE-40C5F3E0A558}"
EndProject
Project("{FAE04EC0-301F-11D3-BF4B-00C04F79EFBC}") = "Task5", "Task5\Task5.csproj", "{068B3CF9-40A4-4003-9785-555155A5A361}"
EndProject
Global
	GlobalSection(SolutionConfigurationPlatforms) = preSolution
		Debug|Any CPU = Debug|Any CPU
		Release|Any CPU = Release|Any CPU
	EndGlobalSection
	GlobalSection(ProjectConfigurationPlatforms) = postSolution
		{AE496A58-A496-43D3-B1EB-1788F4051952}.Debug|Any CPU.ActiveCfg = Debug|Any CPU
		{AE496A58-A496-43D3-B1EB-1788F4051952}.Debug|Any CPU.Build.0 = Debug|Any CPU
		{AE496A58-A496-43D3-B1EB-1788F4051952}.Release|Any CPU.ActiveCfg = Release|Any CPU
		{AE496A58-A496-43D3-B1EB-1788F4051952}.Release|Any CPU.Build.0 = Release|Any CPU
		{FA3E83E5-B06C-4625-AB70-3740DD807E73}.Debug|Any CPU.ActiveCfg = Debug|Any CPU
		{FA3E83E5-B06C-4625-AB70-3740DD807E73}.Debug|Any CPU.Build.0 = Debug|Any CPU
		{FA3E83E5-B06C-4625-AB70-3740DD807E73}.Release|Any CPU.ActiveCfg = Release|Any CPU
		{FA3E83E5-B06C-4625-AB70-3740DD807E73}.Release|Any CPU.Build.0 = Release|Any CPU
		{118FC156-0F23-41EA-9B37-CC94D92B4154}.Debug|Any CPU.ActiveCfg = Debug|Any CPU
		{118FC156-0F23-41EA-9B37-CC94D92B4154}.Debug|Any CPU.Build.0 = Debug|Any CPU
		{118FC156-0F23-41EA-9B37-CC94D92B4154}.Release|Any CPU.ActiveCfg = Release|Any CPU
		{118FC156-0F23-41EA-9B37-CC94D92B4154}.Release|Any CPU.Build.0 = Release|Any CPU
		{309A1865-9D64-4552-ABBE-40C5F3E0A558}.Debug|Any CPU.ActiveCfg = Debug|Any CPU
		{309A1865-9D64-4552-ABBE-40C5F3E0A558}.Debug|Any CPU.Build.0 = Debug|Any CPU
		{309A1865-9D64-4552-ABBE-40C5F3E0A558}.Release|Any CPU.ActiveCfg = Release|Any CPU
		{309A1865-9D64-4552-ABBE-40C5F3E0A558}.Release|Any CPU.Build.0 = Release|Any CPU
		{068B3CF9-40A4-4003-9785-555155A5A361}.Debug|Any CPU.ActiveCfg = Debug|Any CPU
		{068B3CF9-40A4-4003-9785-555155A5A361}.Debug|Any CPU.Build.0 = Debug|Any CPU
		{068B3CF9-40A4-4003-9785-555155A5A361}.Release|Any CPU.ActiveCfg = Release|Any CPU
		{068B3CF9-40A4-4003-9785-555155A5A361}.Release|Any CPU.Build.0 = Release|Any CPU
	EndGlobalSection
	GlobalSection(SolutionProperties) = preSolution
		HideSolutionNode = FALSE
	EndGlobalSection
	GlobalSection(ExtensibilityGlobals) = postSolution
		SolutionGuid = {6FB9A50E-56B8-41DF-81A7-02C85903C0C5}
	EndGlobalSection
EndGlobal
